// !$*UTF8*$!
{
	archiveVersion = 1;
	classes = {
	};
	objectVersion = 56;
	objects = {

/* Begin PBXBuildFile section */
		84995FF42BA975E700DCD4D4 /* 양진체v0.9_ttf.ttf in Resources */ = {isa = PBXBuildFile; fileRef = 84995FF32BA975E700DCD4D4 /* 양진체v0.9_ttf.ttf */; };
		84995FF72BA976DF00DCD4D4 /* Fonts.swift in Sources */ = {isa = PBXBuildFile; fileRef = 84995FF62BA976DF00DCD4D4 /* Fonts.swift */; };
		84995FF92BA97A9E00DCD4D4 /* CalendarHeader.swift in Sources */ = {isa = PBXBuildFile; fileRef = 84995FF82BA97A9E00DCD4D4 /* CalendarHeader.swift */; };
		84995FFB2BA97ACA00DCD4D4 /* CalendarWeekDay.swift in Sources */ = {isa = PBXBuildFile; fileRef = 84995FFA2BA97ACA00DCD4D4 /* CalendarWeekDay.swift */; };
		84995FFD2BA97C3100DCD4D4 /* CalendarDayGrid.swift in Sources */ = {isa = PBXBuildFile; fileRef = 84995FFC2BA97C3100DCD4D4 /* CalendarDayGrid.swift */; };
		849960002BA97CE200DCD4D4 /* CalendarDate.swift in Sources */ = {isa = PBXBuildFile; fileRef = 84995FFF2BA97CE200DCD4D4 /* CalendarDate.swift */; };
		849960022BA97FDD00DCD4D4 /* Dates.swift in Sources */ = {isa = PBXBuildFile; fileRef = 849960012BA97FDD00DCD4D4 /* Dates.swift */; };
		849960082BA9AA7500DCD4D4 /* DetoxButton.swift in Sources */ = {isa = PBXBuildFile; fileRef = 849960072BA9AA7500DCD4D4 /* DetoxButton.swift */; };
		8499600B2BA9BF7B00DCD4D4 /* LifeQuotesView.swift in Sources */ = {isa = PBXBuildFile; fileRef = 8499600A2BA9BF7B00DCD4D4 /* LifeQuotesView.swift */; };
		84AE6DAC2B988C5B00749219 /* LetsBreakUpApp.swift in Sources */ = {isa = PBXBuildFile; fileRef = 84AE6DAB2B988C5B00749219 /* LetsBreakUpApp.swift */; };
		84AE6DAE2B988C5B00749219 /* LetsBreakUp.swift in Sources */ = {isa = PBXBuildFile; fileRef = 84AE6DAD2B988C5B00749219 /* LetsBreakUp.swift */; };
		84AE6DB02B988C5C00749219 /* Assets.xcassets in Resources */ = {isa = PBXBuildFile; fileRef = 84AE6DAF2B988C5C00749219 /* Assets.xcassets */; };
		84AE6DB32B988C5C00749219 /* Preview Assets.xcassets in Resources */ = {isa = PBXBuildFile; fileRef = 84AE6DB22B988C5C00749219 /* Preview Assets.xcassets */; };
		84AE6DBD2B988C5C00749219 /* LetsBreakUpTests.swift in Sources */ = {isa = PBXBuildFile; fileRef = 84AE6DBC2B988C5C00749219 /* LetsBreakUpTests.swift */; };
		84AE6DC72B988C5C00749219 /* LetsBreakUpUITests.swift in Sources */ = {isa = PBXBuildFile; fileRef = 84AE6DC62B988C5C00749219 /* LetsBreakUpUITests.swift */; };
		84AE6DC92B988C5C00749219 /* LetsBreakUpUITestsLaunchTests.swift in Sources */ = {isa = PBXBuildFile; fileRef = 84AE6DC82B988C5C00749219 /* LetsBreakUpUITestsLaunchTests.swift */; };
		84AE6DD62B988FF500749219 /* LetsBreakUpTabView.swift in Sources */ = {isa = PBXBuildFile; fileRef = 84AE6DD52B988FF500749219 /* LetsBreakUpTabView.swift */; };
		84AE6E102BA1C45D00749219 /* Color.swift in Sources */ = {isa = PBXBuildFile; fileRef = 84AE6E0F2BA1C45D00749219 /* Color.swift */; };
		84AE6E122BA1C59B00749219 /* HomeView.swift in Sources */ = {isa = PBXBuildFile; fileRef = 84AE6E112BA1C59B00749219 /* HomeView.swift */; };
		84AE6E142BA1C6A400749219 /* SettingView.swift in Sources */ = {isa = PBXBuildFile; fileRef = 84AE6E132BA1C6A400749219 /* SettingView.swift */; };
		84AE6EAA2BA3CF9100749219 /* CalendarView.swift in Sources */ = {isa = PBXBuildFile; fileRef = 84AE6EA92BA3CF9100749219 /* CalendarView.swift */; };
		84D2EF142BAAD3FA001E8197 /* DeviceActivity.framework in Frameworks */ = {isa = PBXBuildFile; fileRef = 84D2EF132BAAD3FA001E8197 /* DeviceActivity.framework */; };
		84D2EF172BAAD3FA001E8197 /* DeviceActivityMonitorExtension.swift in Sources */ = {isa = PBXBuildFile; fileRef = 84D2EF162BAAD3FA001E8197 /* DeviceActivityMonitorExtension.swift */; };
		84D2EF1C2BAAD3FA001E8197 /* DeviceActivityMonitor.appex in Embed Foundation Extensions */ = {isa = PBXBuildFile; fileRef = 84D2EF112BAAD3FA001E8197 /* DeviceActivityMonitor.appex */; settings = {ATTRIBUTES = (RemoveHeadersOnCopy, ); }; };
		84D2EF212BAAD5E7001E8197 /* DeviceActivity.framework in Frameworks */ = {isa = PBXBuildFile; fileRef = 84D2EF132BAAD3FA001E8197 /* DeviceActivity.framework */; };
		84D2EF232BAADBD6001E8197 /* AlertNotificationListView.swift in Sources */ = {isa = PBXBuildFile; fileRef = 84D2EF222BAADBD6001E8197 /* AlertNotificationListView.swift */; };
		84D2EF262BAAFACE001E8197 /* ProfileView.swift in Sources */ = {isa = PBXBuildFile; fileRef = 84D2EF252BAAFACE001E8197 /* ProfileView.swift */; };
		84D2EF292BAB0126001E8197 /* AlertNotificationModel.swift in Sources */ = {isa = PBXBuildFile; fileRef = 84D2EF282BAB0126001E8197 /* AlertNotificationModel.swift */; };
		84D2EF2B2BB2D716001E8197 /* FamilyControls.framework in Frameworks */ = {isa = PBXBuildFile; fileRef = 84D2EF2A2BB2D716001E8197 /* FamilyControls.framework */; };
/* End PBXBuildFile section */

/* Begin PBXContainerItemProxy section */
		84AE6DB92B988C5C00749219 /* PBXContainerItemProxy */ = {
			isa = PBXContainerItemProxy;
			containerPortal = 84AE6DA02B988C5B00749219 /* Project object */;
			proxyType = 1;
			remoteGlobalIDString = 84AE6DA72B988C5B00749219;
			remoteInfo = LetsBreakUp;
		};
		84AE6DC32B988C5C00749219 /* PBXContainerItemProxy */ = {
			isa = PBXContainerItemProxy;
			containerPortal = 84AE6DA02B988C5B00749219 /* Project object */;
			proxyType = 1;
			remoteGlobalIDString = 84AE6DA72B988C5B00749219;
			remoteInfo = LetsBreakUp;
		};
		84D2EF1A2BAAD3FA001E8197 /* PBXContainerItemProxy */ = {
			isa = PBXContainerItemProxy;
			containerPortal = 84AE6DA02B988C5B00749219 /* Project object */;
			proxyType = 1;
			remoteGlobalIDString = 84D2EF102BAAD3FA001E8197;
			remoteInfo = DeviceActivityMonitor;
		};
/* End PBXContainerItemProxy section */

/* Begin PBXCopyFilesBuildPhase section */
		84D2EF1D2BAAD3FA001E8197 /* Embed Foundation Extensions */ = {
			isa = PBXCopyFilesBuildPhase;
			buildActionMask = 2147483647;
			dstPath = "";
			dstSubfolderSpec = 13;
			files = (
				84D2EF1C2BAAD3FA001E8197 /* DeviceActivityMonitor.appex in Embed Foundation Extensions */,
			);
			name = "Embed Foundation Extensions";
			runOnlyForDeploymentPostprocessing = 0;
		};
/* End PBXCopyFilesBuildPhase section */

/* Begin PBXFileReference section */
		84995FF32BA975E700DCD4D4 /* 양진체v0.9_ttf.ttf */ = {isa = PBXFileReference; lastKnownFileType = file; path = "양진체v0.9_ttf.ttf"; sourceTree = "<group>"; };
		84995FF52BA9769D00DCD4D4 /* Info.plist */ = {isa = PBXFileReference; lastKnownFileType = text.plist; path = Info.plist; sourceTree = "<group>"; };
		84995FF62BA976DF00DCD4D4 /* Fonts.swift */ = {isa = PBXFileReference; lastKnownFileType = sourcecode.swift; path = Fonts.swift; sourceTree = "<group>"; };
		84995FF82BA97A9E00DCD4D4 /* CalendarHeader.swift */ = {isa = PBXFileReference; lastKnownFileType = sourcecode.swift; path = CalendarHeader.swift; sourceTree = "<group>"; };
		84995FFA2BA97ACA00DCD4D4 /* CalendarWeekDay.swift */ = {isa = PBXFileReference; lastKnownFileType = sourcecode.swift; path = CalendarWeekDay.swift; sourceTree = "<group>"; };
		84995FFC2BA97C3100DCD4D4 /* CalendarDayGrid.swift */ = {isa = PBXFileReference; lastKnownFileType = sourcecode.swift; path = CalendarDayGrid.swift; sourceTree = "<group>"; };
		84995FFF2BA97CE200DCD4D4 /* CalendarDate.swift */ = {isa = PBXFileReference; lastKnownFileType = sourcecode.swift; path = CalendarDate.swift; sourceTree = "<group>"; };
		849960012BA97FDD00DCD4D4 /* Dates.swift */ = {isa = PBXFileReference; lastKnownFileType = sourcecode.swift; path = Dates.swift; sourceTree = "<group>"; };
		849960072BA9AA7500DCD4D4 /* DetoxButton.swift */ = {isa = PBXFileReference; lastKnownFileType = sourcecode.swift; path = DetoxButton.swift; sourceTree = "<group>"; };
		8499600A2BA9BF7B00DCD4D4 /* LifeQuotesView.swift */ = {isa = PBXFileReference; lastKnownFileType = sourcecode.swift; path = LifeQuotesView.swift; sourceTree = "<group>"; };
		84AE6DA82B988C5B00749219 /* LetsBreakUp.app */ = {isa = PBXFileReference; explicitFileType = wrapper.application; includeInIndex = 0; path = LetsBreakUp.app; sourceTree = BUILT_PRODUCTS_DIR; };
		84AE6DAB2B988C5B00749219 /* LetsBreakUpApp.swift */ = {isa = PBXFileReference; lastKnownFileType = sourcecode.swift; path = LetsBreakUpApp.swift; sourceTree = "<group>"; };
		84AE6DAD2B988C5B00749219 /* LetsBreakUp.swift */ = {isa = PBXFileReference; lastKnownFileType = sourcecode.swift; path = LetsBreakUp.swift; sourceTree = "<group>"; };
		84AE6DAF2B988C5C00749219 /* Assets.xcassets */ = {isa = PBXFileReference; lastKnownFileType = folder.assetcatalog; path = Assets.xcassets; sourceTree = "<group>"; };
		84AE6DB22B988C5C00749219 /* Preview Assets.xcassets */ = {isa = PBXFileReference; lastKnownFileType = folder.assetcatalog; path = "Preview Assets.xcassets"; sourceTree = "<group>"; };
		84AE6DB82B988C5C00749219 /* LetsBreakUpTests.xctest */ = {isa = PBXFileReference; explicitFileType = wrapper.cfbundle; includeInIndex = 0; path = LetsBreakUpTests.xctest; sourceTree = BUILT_PRODUCTS_DIR; };
		84AE6DBC2B988C5C00749219 /* LetsBreakUpTests.swift */ = {isa = PBXFileReference; lastKnownFileType = sourcecode.swift; path = LetsBreakUpTests.swift; sourceTree = "<group>"; };
		84AE6DC22B988C5C00749219 /* LetsBreakUpUITests.xctest */ = {isa = PBXFileReference; explicitFileType = wrapper.cfbundle; includeInIndex = 0; path = LetsBreakUpUITests.xctest; sourceTree = BUILT_PRODUCTS_DIR; };
		84AE6DC62B988C5C00749219 /* LetsBreakUpUITests.swift */ = {isa = PBXFileReference; lastKnownFileType = sourcecode.swift; path = LetsBreakUpUITests.swift; sourceTree = "<group>"; };
		84AE6DC82B988C5C00749219 /* LetsBreakUpUITestsLaunchTests.swift */ = {isa = PBXFileReference; lastKnownFileType = sourcecode.swift; path = LetsBreakUpUITestsLaunchTests.swift; sourceTree = "<group>"; };
		84AE6DD52B988FF500749219 /* LetsBreakUpTabView.swift */ = {isa = PBXFileReference; lastKnownFileType = sourcecode.swift; path = LetsBreakUpTabView.swift; sourceTree = "<group>"; };
		84AE6E0F2BA1C45D00749219 /* Color.swift */ = {isa = PBXFileReference; lastKnownFileType = sourcecode.swift; path = Color.swift; sourceTree = "<group>"; };
		84AE6E112BA1C59B00749219 /* HomeView.swift */ = {isa = PBXFileReference; lastKnownFileType = sourcecode.swift; path = HomeView.swift; sourceTree = "<group>"; };
		84AE6E132BA1C6A400749219 /* SettingView.swift */ = {isa = PBXFileReference; lastKnownFileType = sourcecode.swift; path = SettingView.swift; sourceTree = "<group>"; };
		84AE6EA92BA3CF9100749219 /* CalendarView.swift */ = {isa = PBXFileReference; lastKnownFileType = sourcecode.swift; path = CalendarView.swift; sourceTree = "<group>"; };
		84D2EF112BAAD3FA001E8197 /* DeviceActivityMonitor.appex */ = {isa = PBXFileReference; explicitFileType = "wrapper.app-extension"; includeInIndex = 0; path = DeviceActivityMonitor.appex; sourceTree = BUILT_PRODUCTS_DIR; };
		84D2EF132BAAD3FA001E8197 /* DeviceActivity.framework */ = {isa = PBXFileReference; lastKnownFileType = wrapper.framework; name = DeviceActivity.framework; path = System/Library/Frameworks/DeviceActivity.framework; sourceTree = SDKROOT; };
		84D2EF162BAAD3FA001E8197 /* DeviceActivityMonitorExtension.swift */ = {isa = PBXFileReference; lastKnownFileType = sourcecode.swift; path = DeviceActivityMonitorExtension.swift; sourceTree = "<group>"; };
		84D2EF182BAAD3FA001E8197 /* Info.plist */ = {isa = PBXFileReference; lastKnownFileType = text.plist.xml; path = Info.plist; sourceTree = "<group>"; };
		84D2EF192BAAD3FA001E8197 /* DeviceActivityMonitor.entitlements */ = {isa = PBXFileReference; lastKnownFileType = text.plist.entitlements; path = DeviceActivityMonitor.entitlements; sourceTree = "<group>"; };
		84D2EF222BAADBD6001E8197 /* AlertNotificationListView.swift */ = {isa = PBXFileReference; lastKnownFileType = sourcecode.swift; path = AlertNotificationListView.swift; sourceTree = "<group>"; };
		84D2EF252BAAFACE001E8197 /* ProfileView.swift */ = {isa = PBXFileReference; lastKnownFileType = sourcecode.swift; path = ProfileView.swift; sourceTree = "<group>"; };
		84D2EF282BAB0126001E8197 /* AlertNotificationModel.swift */ = {isa = PBXFileReference; lastKnownFileType = sourcecode.swift; path = AlertNotificationModel.swift; sourceTree = "<group>"; };
		84D2EF2A2BB2D716001E8197 /* FamilyControls.framework */ = {isa = PBXFileReference; lastKnownFileType = wrapper.framework; name = FamilyControls.framework; path = System/Library/Frameworks/FamilyControls.framework; sourceTree = SDKROOT; };
		84D2EF2C2BB2D736001E8197 /* LetsBreakUp.entitlements */ = {isa = PBXFileReference; lastKnownFileType = text.plist.entitlements; path = LetsBreakUp.entitlements; sourceTree = "<group>"; };
/* End PBXFileReference section */

/* Begin PBXFrameworksBuildPhase section */
		84AE6DA52B988C5B00749219 /* Frameworks */ = {
			isa = PBXFrameworksBuildPhase;
			buildActionMask = 2147483647;
			files = (
				84D2EF2B2BB2D716001E8197 /* FamilyControls.framework in Frameworks */,
				84D2EF212BAAD5E7001E8197 /* DeviceActivity.framework in Frameworks */,
			);
			runOnlyForDeploymentPostprocessing = 0;
		};
		84AE6DB52B988C5C00749219 /* Frameworks */ = {
			isa = PBXFrameworksBuildPhase;
			buildActionMask = 2147483647;
			files = (
			);
			runOnlyForDeploymentPostprocessing = 0;
		};
		84AE6DBF2B988C5C00749219 /* Frameworks */ = {
			isa = PBXFrameworksBuildPhase;
			buildActionMask = 2147483647;
			files = (
			);
			runOnlyForDeploymentPostprocessing = 0;
		};
		84D2EF0E2BAAD3FA001E8197 /* Frameworks */ = {
			isa = PBXFrameworksBuildPhase;
			buildActionMask = 2147483647;
			files = (
				84D2EF142BAAD3FA001E8197 /* DeviceActivity.framework in Frameworks */,
			);
			runOnlyForDeploymentPostprocessing = 0;
		};
/* End PBXFrameworksBuildPhase section */

/* Begin PBXGroup section */
		84995FF22BA975C100DCD4D4 /* Font */ = {
			isa = PBXGroup;
			children = (
				84995FF32BA975E700DCD4D4 /* 양진체v0.9_ttf.ttf */,
			);
			path = Font;
			sourceTree = "<group>";
		};
		84995FFE2BA97CCF00DCD4D4 /* Model */ = {
			isa = PBXGroup;
			children = (
				84995FFF2BA97CE200DCD4D4 /* CalendarDate.swift */,
				84D2EF282BAB0126001E8197 /* AlertNotificationModel.swift */,
			);
			path = Model;
			sourceTree = "<group>";
		};
		849960032BA992CA00DCD4D4 /* CalendarView */ = {
			isa = PBXGroup;
			children = (
				84AE6EA92BA3CF9100749219 /* CalendarView.swift */,
				84995FF82BA97A9E00DCD4D4 /* CalendarHeader.swift */,
				84995FFA2BA97ACA00DCD4D4 /* CalendarWeekDay.swift */,
				84995FFC2BA97C3100DCD4D4 /* CalendarDayGrid.swift */,
			);
			path = CalendarView;
			sourceTree = "<group>";
		};
		849960042BA9A7F300DCD4D4 /* TabView */ = {
			isa = PBXGroup;
			children = (
				84AE6DD52B988FF500749219 /* LetsBreakUpTabView.swift */,
			);
			path = TabView;
			sourceTree = "<group>";
		};
		849960092BA9AF9200DCD4D4 /* DetoxButton */ = {
			isa = PBXGroup;
			children = (
				849960072BA9AA7500DCD4D4 /* DetoxButton.swift */,
			);
			path = DetoxButton;
			sourceTree = "<group>";
		};
		8499600C2BA9BF7F00DCD4D4 /* LifeQuotesView */ = {
			isa = PBXGroup;
			children = (
				8499600A2BA9BF7B00DCD4D4 /* LifeQuotesView.swift */,
			);
			path = LifeQuotesView;
			sourceTree = "<group>";
		};
		84AE6D9F2B988C5B00749219 = {
			isa = PBXGroup;
			children = (
				84AE6DAA2B988C5B00749219 /* LetsBreakUp */,
				84AE6DBB2B988C5C00749219 /* LetsBreakUpTests */,
				84AE6DC52B988C5C00749219 /* LetsBreakUpUITests */,
				84D2EF152BAAD3FA001E8197 /* DeviceActivityMonitor */,
				84D2EF122BAAD3FA001E8197 /* Frameworks */,
				84AE6DA92B988C5B00749219 /* Products */,
			);
			sourceTree = "<group>";
		};
		84AE6DA92B988C5B00749219 /* Products */ = {
			isa = PBXGroup;
			children = (
				84AE6DA82B988C5B00749219 /* LetsBreakUp.app */,
				84AE6DB82B988C5C00749219 /* LetsBreakUpTests.xctest */,
				84AE6DC22B988C5C00749219 /* LetsBreakUpUITests.xctest */,
				84D2EF112BAAD3FA001E8197 /* DeviceActivityMonitor.appex */,
			);
			name = Products;
			sourceTree = "<group>";
		};
		84AE6DAA2B988C5B00749219 /* LetsBreakUp */ = {
			isa = PBXGroup;
			children = (
				84D2EF2C2BB2D736001E8197 /* LetsBreakUp.entitlements */,
				84995FF52BA9769D00DCD4D4 /* Info.plist */,
				84AE6DAB2B988C5B00749219 /* LetsBreakUpApp.swift */,
				84995FF22BA975C100DCD4D4 /* Font */,
				84AE6DD82BA096F600749219 /* Helpers */,
				84995FFE2BA97CCF00DCD4D4 /* Model */,
				84AE6DD72BA096E100749219 /* View */,
				84AE6DAF2B988C5C00749219 /* Assets.xcassets */,
				84AE6DB12B988C5C00749219 /* Preview Content */,
			);
			path = LetsBreakUp;
			sourceTree = "<group>";
		};
		84AE6DB12B988C5C00749219 /* Preview Content */ = {
			isa = PBXGroup;
			children = (
				84AE6DB22B988C5C00749219 /* Preview Assets.xcassets */,
			);
			path = "Preview Content";
			sourceTree = "<group>";
		};
		84AE6DBB2B988C5C00749219 /* LetsBreakUpTests */ = {
			isa = PBXGroup;
			children = (
				84AE6DBC2B988C5C00749219 /* LetsBreakUpTests.swift */,
			);
			path = LetsBreakUpTests;
			sourceTree = "<group>";
		};
		84AE6DC52B988C5C00749219 /* LetsBreakUpUITests */ = {
			isa = PBXGroup;
			children = (
				84AE6DC62B988C5C00749219 /* LetsBreakUpUITests.swift */,
				84AE6DC82B988C5C00749219 /* LetsBreakUpUITestsLaunchTests.swift */,
			);
			path = LetsBreakUpUITests;
			sourceTree = "<group>";
		};
		84AE6DD72BA096E100749219 /* View */ = {
			isa = PBXGroup;
			children = (
				84AE6DAD2B988C5B00749219 /* LetsBreakUp.swift */,
				849960042BA9A7F300DCD4D4 /* TabView */,
				84AE6EA72BA3363800749219 /* HomeView */,
				84AE6EA82BA3364100749219 /* SettingView */,
			);
			path = View;
			sourceTree = "<group>";
		};
		84AE6DD82BA096F600749219 /* Helpers */ = {
			isa = PBXGroup;
			children = (
				84AE6E0F2BA1C45D00749219 /* Color.swift */,
				84995FF62BA976DF00DCD4D4 /* Fonts.swift */,
				849960012BA97FDD00DCD4D4 /* Dates.swift */,
			);
			path = Helpers;
			sourceTree = "<group>";
		};
		84AE6EA72BA3363800749219 /* HomeView */ = {
			isa = PBXGroup;
			children = (
				84AE6E112BA1C59B00749219 /* HomeView.swift */,
				84D2EF242BAAF783001E8197 /* AlertNotificationList */,
				84D2EF272BAAFAD3001E8197 /* ProfileView */,
				8499600C2BA9BF7F00DCD4D4 /* LifeQuotesView */,
				849960032BA992CA00DCD4D4 /* CalendarView */,
				849960092BA9AF9200DCD4D4 /* DetoxButton */,
			);
			path = HomeView;
			sourceTree = "<group>";
		};
		84AE6EA82BA3364100749219 /* SettingView */ = {
			isa = PBXGroup;
			children = (
				84AE6E132BA1C6A400749219 /* SettingView.swift */,
			);
			path = SettingView;
			sourceTree = "<group>";
		};
		84D2EF122BAAD3FA001E8197 /* Frameworks */ = {
			isa = PBXGroup;
			children = (
				84D2EF2A2BB2D716001E8197 /* FamilyControls.framework */,
				84D2EF132BAAD3FA001E8197 /* DeviceActivity.framework */,
			);
			name = Frameworks;
			sourceTree = "<group>";
		};
		84D2EF152BAAD3FA001E8197 /* DeviceActivityMonitor */ = {
			isa = PBXGroup;
			children = (
				84D2EF162BAAD3FA001E8197 /* DeviceActivityMonitorExtension.swift */,
				84D2EF182BAAD3FA001E8197 /* Info.plist */,
				84D2EF192BAAD3FA001E8197 /* DeviceActivityMonitor.entitlements */,
			);
			path = DeviceActivityMonitor;
			sourceTree = "<group>";
		};
		84D2EF242BAAF783001E8197 /* AlertNotificationList */ = {
			isa = PBXGroup;
			children = (
				84D2EF222BAADBD6001E8197 /* AlertNotificationListView.swift */,
			);
			path = AlertNotificationList;
			sourceTree = "<group>";
		};
		84D2EF272BAAFAD3001E8197 /* ProfileView */ = {
			isa = PBXGroup;
			children = (
				84D2EF252BAAFACE001E8197 /* ProfileView.swift */,
			);
			path = ProfileView;
			sourceTree = "<group>";
		};
/* End PBXGroup section */

/* Begin PBXNativeTarget section */
		84AE6DA72B988C5B00749219 /* LetsBreakUp */ = {
			isa = PBXNativeTarget;
			buildConfigurationList = 84AE6DCC2B988C5C00749219 /* Build configuration list for PBXNativeTarget "LetsBreakUp" */;
			buildPhases = (
				84AE6DA42B988C5B00749219 /* Sources */,
				84AE6DA52B988C5B00749219 /* Frameworks */,
				84AE6DA62B988C5B00749219 /* Resources */,
				84D2EF1D2BAAD3FA001E8197 /* Embed Foundation Extensions */,
			);
			buildRules = (
			);
			dependencies = (
				84D2EF1B2BAAD3FA001E8197 /* PBXTargetDependency */,
			);
			name = LetsBreakUp;
			productName = LetsBreakUp;
			productReference = 84AE6DA82B988C5B00749219 /* LetsBreakUp.app */;
			productType = "com.apple.product-type.application";
		};
		84AE6DB72B988C5C00749219 /* LetsBreakUpTests */ = {
			isa = PBXNativeTarget;
			buildConfigurationList = 84AE6DCF2B988C5C00749219 /* Build configuration list for PBXNativeTarget "LetsBreakUpTests" */;
			buildPhases = (
				84AE6DB42B988C5C00749219 /* Sources */,
				84AE6DB52B988C5C00749219 /* Frameworks */,
				84AE6DB62B988C5C00749219 /* Resources */,
			);
			buildRules = (
			);
			dependencies = (
				84AE6DBA2B988C5C00749219 /* PBXTargetDependency */,
			);
			name = LetsBreakUpTests;
			productName = LetsBreakUpTests;
			productReference = 84AE6DB82B988C5C00749219 /* LetsBreakUpTests.xctest */;
			productType = "com.apple.product-type.bundle.unit-test";
		};
		84AE6DC12B988C5C00749219 /* LetsBreakUpUITests */ = {
			isa = PBXNativeTarget;
			buildConfigurationList = 84AE6DD22B988C5C00749219 /* Build configuration list for PBXNativeTarget "LetsBreakUpUITests" */;
			buildPhases = (
				84AE6DBE2B988C5C00749219 /* Sources */,
				84AE6DBF2B988C5C00749219 /* Frameworks */,
				84AE6DC02B988C5C00749219 /* Resources */,
			);
			buildRules = (
			);
			dependencies = (
				84AE6DC42B988C5C00749219 /* PBXTargetDependency */,
			);
			name = LetsBreakUpUITests;
			productName = LetsBreakUpUITests;
			productReference = 84AE6DC22B988C5C00749219 /* LetsBreakUpUITests.xctest */;
			productType = "com.apple.product-type.bundle.ui-testing";
		};
		84D2EF102BAAD3FA001E8197 /* DeviceActivityMonitor */ = {
			isa = PBXNativeTarget;
			buildConfigurationList = 84D2EF202BAAD3FA001E8197 /* Build configuration list for PBXNativeTarget "DeviceActivityMonitor" */;
			buildPhases = (
				84D2EF0D2BAAD3FA001E8197 /* Sources */,
				84D2EF0E2BAAD3FA001E8197 /* Frameworks */,
				84D2EF0F2BAAD3FA001E8197 /* Resources */,
			);
			buildRules = (
			);
			dependencies = (
			);
			name = DeviceActivityMonitor;
			productName = DeviceActivityMonitor;
			productReference = 84D2EF112BAAD3FA001E8197 /* DeviceActivityMonitor.appex */;
			productType = "com.apple.product-type.app-extension";
		};
/* End PBXNativeTarget section */

/* Begin PBXProject section */
		84AE6DA02B988C5B00749219 /* Project object */ = {
			isa = PBXProject;
			attributes = {
				BuildIndependentTargetsInParallel = 1;
				LastSwiftUpdateCheck = 1520;
				LastUpgradeCheck = 1520;
				TargetAttributes = {
					84AE6DA72B988C5B00749219 = {
						CreatedOnToolsVersion = 15.2;
					};
					84AE6DB72B988C5C00749219 = {
						CreatedOnToolsVersion = 15.2;
						TestTargetID = 84AE6DA72B988C5B00749219;
					};
					84AE6DC12B988C5C00749219 = {
						CreatedOnToolsVersion = 15.2;
						TestTargetID = 84AE6DA72B988C5B00749219;
					};
					84D2EF102BAAD3FA001E8197 = {
						CreatedOnToolsVersion = 15.2;
					};
				};
			};
			buildConfigurationList = 84AE6DA32B988C5B00749219 /* Build configuration list for PBXProject "LetsBreakUp" */;
			compatibilityVersion = "Xcode 14.0";
			developmentRegion = en;
			hasScannedForEncodings = 0;
			knownRegions = (
				en,
				Base,
			);
			mainGroup = 84AE6D9F2B988C5B00749219;
			productRefGroup = 84AE6DA92B988C5B00749219 /* Products */;
			projectDirPath = "";
			projectRoot = "";
			targets = (
				84AE6DA72B988C5B00749219 /* LetsBreakUp */,
				84AE6DB72B988C5C00749219 /* LetsBreakUpTests */,
				84AE6DC12B988C5C00749219 /* LetsBreakUpUITests */,
				84D2EF102BAAD3FA001E8197 /* DeviceActivityMonitor */,
			);
		};
/* End PBXProject section */

/* Begin PBXResourcesBuildPhase section */
		84AE6DA62B988C5B00749219 /* Resources */ = {
			isa = PBXResourcesBuildPhase;
			buildActionMask = 2147483647;
			files = (
				84AE6DB32B988C5C00749219 /* Preview Assets.xcassets in Resources */,
				84995FF42BA975E700DCD4D4 /* 양진체v0.9_ttf.ttf in Resources */,
				84AE6DB02B988C5C00749219 /* Assets.xcassets in Resources */,
			);
			runOnlyForDeploymentPostprocessing = 0;
		};
		84AE6DB62B988C5C00749219 /* Resources */ = {
			isa = PBXResourcesBuildPhase;
			buildActionMask = 2147483647;
			files = (
			);
			runOnlyForDeploymentPostprocessing = 0;
		};
		84AE6DC02B988C5C00749219 /* Resources */ = {
			isa = PBXResourcesBuildPhase;
			buildActionMask = 2147483647;
			files = (
			);
			runOnlyForDeploymentPostprocessing = 0;
		};
		84D2EF0F2BAAD3FA001E8197 /* Resources */ = {
			isa = PBXResourcesBuildPhase;
			buildActionMask = 2147483647;
			files = (
			);
			runOnlyForDeploymentPostprocessing = 0;
		};
/* End PBXResourcesBuildPhase section */

/* Begin PBXSourcesBuildPhase section */
		84AE6DA42B988C5B00749219 /* Sources */ = {
			isa = PBXSourcesBuildPhase;
			buildActionMask = 2147483647;
			files = (
				84D2EF232BAADBD6001E8197 /* AlertNotificationListView.swift in Sources */,
				849960082BA9AA7500DCD4D4 /* DetoxButton.swift in Sources */,
				84995FFD2BA97C3100DCD4D4 /* CalendarDayGrid.swift in Sources */,
				849960002BA97CE200DCD4D4 /* CalendarDate.swift in Sources */,
				84995FF72BA976DF00DCD4D4 /* Fonts.swift in Sources */,
				84AE6DD62B988FF500749219 /* LetsBreakUpTabView.swift in Sources */,
				8499600B2BA9BF7B00DCD4D4 /* LifeQuotesView.swift in Sources */,
				84995FF92BA97A9E00DCD4D4 /* CalendarHeader.swift in Sources */,
				84AE6EAA2BA3CF9100749219 /* CalendarView.swift in Sources */,
				84D2EF262BAAFACE001E8197 /* ProfileView.swift in Sources */,
				84AE6E102BA1C45D00749219 /* Color.swift in Sources */,
				84AE6DAE2B988C5B00749219 /* LetsBreakUp.swift in Sources */,
				849960022BA97FDD00DCD4D4 /* Dates.swift in Sources */,
				84D2EF292BAB0126001E8197 /* AlertNotificationModel.swift in Sources */,
				84AE6E142BA1C6A400749219 /* SettingView.swift in Sources */,
				84AE6E122BA1C59B00749219 /* HomeView.swift in Sources */,
				84995FFB2BA97ACA00DCD4D4 /* CalendarWeekDay.swift in Sources */,
				84AE6DAC2B988C5B00749219 /* LetsBreakUpApp.swift in Sources */,
			);
			runOnlyForDeploymentPostprocessing = 0;
		};
		84AE6DB42B988C5C00749219 /* Sources */ = {
			isa = PBXSourcesBuildPhase;
			buildActionMask = 2147483647;
			files = (
				84AE6DBD2B988C5C00749219 /* LetsBreakUpTests.swift in Sources */,
			);
			runOnlyForDeploymentPostprocessing = 0;
		};
		84AE6DBE2B988C5C00749219 /* Sources */ = {
			isa = PBXSourcesBuildPhase;
			buildActionMask = 2147483647;
			files = (
				84AE6DC72B988C5C00749219 /* LetsBreakUpUITests.swift in Sources */,
				84AE6DC92B988C5C00749219 /* LetsBreakUpUITestsLaunchTests.swift in Sources */,
			);
			runOnlyForDeploymentPostprocessing = 0;
		};
		84D2EF0D2BAAD3FA001E8197 /* Sources */ = {
			isa = PBXSourcesBuildPhase;
			buildActionMask = 2147483647;
			files = (
				84D2EF172BAAD3FA001E8197 /* DeviceActivityMonitorExtension.swift in Sources */,
			);
			runOnlyForDeploymentPostprocessing = 0;
		};
/* End PBXSourcesBuildPhase section */

/* Begin PBXTargetDependency section */
		84AE6DBA2B988C5C00749219 /* PBXTargetDependency */ = {
			isa = PBXTargetDependency;
			target = 84AE6DA72B988C5B00749219 /* LetsBreakUp */;
			targetProxy = 84AE6DB92B988C5C00749219 /* PBXContainerItemProxy */;
		};
		84AE6DC42B988C5C00749219 /* PBXTargetDependency */ = {
			isa = PBXTargetDependency;
			target = 84AE6DA72B988C5B00749219 /* LetsBreakUp */;
			targetProxy = 84AE6DC32B988C5C00749219 /* PBXContainerItemProxy */;
		};
		84D2EF1B2BAAD3FA001E8197 /* PBXTargetDependency */ = {
			isa = PBXTargetDependency;
			target = 84D2EF102BAAD3FA001E8197 /* DeviceActivityMonitor */;
			targetProxy = 84D2EF1A2BAAD3FA001E8197 /* PBXContainerItemProxy */;
		};
/* End PBXTargetDependency section */

/* Begin XCBuildConfiguration section */
		84AE6DCA2B988C5C00749219 /* Debug */ = {
			isa = XCBuildConfiguration;
			buildSettings = {
				ALWAYS_SEARCH_USER_PATHS = NO;
				ASSETCATALOG_COMPILER_GENERATE_SWIFT_ASSET_SYMBOL_EXTENSIONS = YES;
				CLANG_ANALYZER_NONNULL = YES;
				CLANG_ANALYZER_NUMBER_OBJECT_CONVERSION = YES_AGGRESSIVE;
				CLANG_CXX_LANGUAGE_STANDARD = "gnu++20";
				CLANG_ENABLE_MODULES = YES;
				CLANG_ENABLE_OBJC_ARC = YES;
				CLANG_ENABLE_OBJC_WEAK = YES;
				CLANG_WARN_BLOCK_CAPTURE_AUTORELEASING = YES;
				CLANG_WARN_BOOL_CONVERSION = YES;
				CLANG_WARN_COMMA = YES;
				CLANG_WARN_CONSTANT_CONVERSION = YES;
				CLANG_WARN_DEPRECATED_OBJC_IMPLEMENTATIONS = YES;
				CLANG_WARN_DIRECT_OBJC_ISA_USAGE = YES_ERROR;
				CLANG_WARN_DOCUMENTATION_COMMENTS = YES;
				CLANG_WARN_EMPTY_BODY = YES;
				CLANG_WARN_ENUM_CONVERSION = YES;
				CLANG_WARN_INFINITE_RECURSION = YES;
				CLANG_WARN_INT_CONVERSION = YES;
				CLANG_WARN_NON_LITERAL_NULL_CONVERSION = YES;
				CLANG_WARN_OBJC_IMPLICIT_RETAIN_SELF = YES;
				CLANG_WARN_OBJC_LITERAL_CONVERSION = YES;
				CLANG_WARN_OBJC_ROOT_CLASS = YES_ERROR;
				CLANG_WARN_QUOTED_INCLUDE_IN_FRAMEWORK_HEADER = YES;
				CLANG_WARN_RANGE_LOOP_ANALYSIS = YES;
				CLANG_WARN_STRICT_PROTOTYPES = YES;
				CLANG_WARN_SUSPICIOUS_MOVE = YES;
				CLANG_WARN_UNGUARDED_AVAILABILITY = YES_AGGRESSIVE;
				CLANG_WARN_UNREACHABLE_CODE = YES;
				CLANG_WARN__DUPLICATE_METHOD_MATCH = YES;
				COPY_PHASE_STRIP = NO;
				DEBUG_INFORMATION_FORMAT = dwarf;
				ENABLE_STRICT_OBJC_MSGSEND = YES;
				ENABLE_TESTABILITY = YES;
				ENABLE_USER_SCRIPT_SANDBOXING = YES;
				GCC_C_LANGUAGE_STANDARD = gnu17;
				GCC_DYNAMIC_NO_PIC = NO;
				GCC_NO_COMMON_BLOCKS = YES;
				GCC_OPTIMIZATION_LEVEL = 0;
				GCC_PREPROCESSOR_DEFINITIONS = (
					"DEBUG=1",
					"$(inherited)",
				);
				GCC_WARN_64_TO_32_BIT_CONVERSION = YES;
				GCC_WARN_ABOUT_RETURN_TYPE = YES_ERROR;
				GCC_WARN_UNDECLARED_SELECTOR = YES;
				GCC_WARN_UNINITIALIZED_AUTOS = YES_AGGRESSIVE;
				GCC_WARN_UNUSED_FUNCTION = YES;
				GCC_WARN_UNUSED_VARIABLE = YES;
				IPHONEOS_DEPLOYMENT_TARGET = 17.2;
				LOCALIZATION_PREFERS_STRING_CATALOGS = YES;
				MTL_ENABLE_DEBUG_INFO = INCLUDE_SOURCE;
				MTL_FAST_MATH = YES;
				ONLY_ACTIVE_ARCH = YES;
				SDKROOT = iphoneos;
				SWIFT_ACTIVE_COMPILATION_CONDITIONS = "DEBUG $(inherited)";
				SWIFT_OPTIMIZATION_LEVEL = "-Onone";
			};
			name = Debug;
		};
		84AE6DCB2B988C5C00749219 /* Release */ = {
			isa = XCBuildConfiguration;
			buildSettings = {
				ALWAYS_SEARCH_USER_PATHS = NO;
				ASSETCATALOG_COMPILER_GENERATE_SWIFT_ASSET_SYMBOL_EXTENSIONS = YES;
				CLANG_ANALYZER_NONNULL = YES;
				CLANG_ANALYZER_NUMBER_OBJECT_CONVERSION = YES_AGGRESSIVE;
				CLANG_CXX_LANGUAGE_STANDARD = "gnu++20";
				CLANG_ENABLE_MODULES = YES;
				CLANG_ENABLE_OBJC_ARC = YES;
				CLANG_ENABLE_OBJC_WEAK = YES;
				CLANG_WARN_BLOCK_CAPTURE_AUTORELEASING = YES;
				CLANG_WARN_BOOL_CONVERSION = YES;
				CLANG_WARN_COMMA = YES;
				CLANG_WARN_CONSTANT_CONVERSION = YES;
				CLANG_WARN_DEPRECATED_OBJC_IMPLEMENTATIONS = YES;
				CLANG_WARN_DIRECT_OBJC_ISA_USAGE = YES_ERROR;
				CLANG_WARN_DOCUMENTATION_COMMENTS = YES;
				CLANG_WARN_EMPTY_BODY = YES;
				CLANG_WARN_ENUM_CONVERSION = YES;
				CLANG_WARN_INFINITE_RECURSION = YES;
				CLANG_WARN_INT_CONVERSION = YES;
				CLANG_WARN_NON_LITERAL_NULL_CONVERSION = YES;
				CLANG_WARN_OBJC_IMPLICIT_RETAIN_SELF = YES;
				CLANG_WARN_OBJC_LITERAL_CONVERSION = YES;
				CLANG_WARN_OBJC_ROOT_CLASS = YES_ERROR;
				CLANG_WARN_QUOTED_INCLUDE_IN_FRAMEWORK_HEADER = YES;
				CLANG_WARN_RANGE_LOOP_ANALYSIS = YES;
				CLANG_WARN_STRICT_PROTOTYPES = YES;
				CLANG_WARN_SUSPICIOUS_MOVE = YES;
				CLANG_WARN_UNGUARDED_AVAILABILITY = YES_AGGRESSIVE;
				CLANG_WARN_UNREACHABLE_CODE = YES;
				CLANG_WARN__DUPLICATE_METHOD_MATCH = YES;
				COPY_PHASE_STRIP = NO;
				DEBUG_INFORMATION_FORMAT = "dwarf-with-dsym";
				ENABLE_NS_ASSERTIONS = NO;
				ENABLE_STRICT_OBJC_MSGSEND = YES;
				ENABLE_USER_SCRIPT_SANDBOXING = YES;
				GCC_C_LANGUAGE_STANDARD = gnu17;
				GCC_NO_COMMON_BLOCKS = YES;
				GCC_WARN_64_TO_32_BIT_CONVERSION = YES;
				GCC_WARN_ABOUT_RETURN_TYPE = YES_ERROR;
				GCC_WARN_UNDECLARED_SELECTOR = YES;
				GCC_WARN_UNINITIALIZED_AUTOS = YES_AGGRESSIVE;
				GCC_WARN_UNUSED_FUNCTION = YES;
				GCC_WARN_UNUSED_VARIABLE = YES;
				IPHONEOS_DEPLOYMENT_TARGET = 17.2;
				LOCALIZATION_PREFERS_STRING_CATALOGS = YES;
				MTL_ENABLE_DEBUG_INFO = NO;
				MTL_FAST_MATH = YES;
				SDKROOT = iphoneos;
				SWIFT_COMPILATION_MODE = wholemodule;
				VALIDATE_PRODUCT = YES;
			};
			name = Release;
		};
		84AE6DCD2B988C5C00749219 /* Debug */ = {
			isa = XCBuildConfiguration;
			buildSettings = {
				ALWAYS_EMBED_SWIFT_STANDARD_LIBRARIES = YES;
				ASSETCATALOG_COMPILER_APPICON_NAME = AppIcon;
				ASSETCATALOG_COMPILER_GLOBAL_ACCENT_COLOR_NAME = AccentColor;
				CODE_SIGN_ENTITLEMENTS = LetsBreakUp/LetsBreakUp.entitlements;
				CODE_SIGN_STYLE = Automatic;
				CURRENT_PROJECT_VERSION = 1;
				DEVELOPMENT_ASSET_PATHS = "\"LetsBreakUp/Preview Content\"";
				DEVELOPMENT_TEAM = T9LJ52AQY5;
				ENABLE_PREVIEWS = YES;
				GENERATE_INFOPLIST_FILE = YES;
				INFOPLIST_FILE = LetsBreakUp/Info.plist;
				INFOPLIST_KEY_UIApplicationSceneManifest_Generation = YES;
				INFOPLIST_KEY_UIApplicationSupportsIndirectInputEvents = YES;
				INFOPLIST_KEY_UILaunchScreen_Generation = YES;
				INFOPLIST_KEY_UISupportedInterfaceOrientations_iPad = "UIInterfaceOrientationPortrait UIInterfaceOrientationPortraitUpsideDown UIInterfaceOrientationLandscapeLeft UIInterfaceOrientationLandscapeRight";
				INFOPLIST_KEY_UISupportedInterfaceOrientations_iPhone = "UIInterfaceOrientationPortrait UIInterfaceOrientationLandscapeLeft UIInterfaceOrientationLandscapeRight";
				LD_RUNPATH_SEARCH_PATHS = (
					"$(inherited)",
					"@executable_path/Frameworks",
				);
				MARKETING_VERSION = 1.0;
				PRODUCT_BUNDLE_IDENTIFIER = com.marigold410.LetsBreakUp;
				PRODUCT_NAME = "$(TARGET_NAME)";
				SWIFT_EMIT_LOC_STRINGS = YES;
				SWIFT_VERSION = 5.0;
				TARGETED_DEVICE_FAMILY = "1,2";
			};
			name = Debug;
		};
		84AE6DCE2B988C5C00749219 /* Release */ = {
			isa = XCBuildConfiguration;
			buildSettings = {
				ALWAYS_EMBED_SWIFT_STANDARD_LIBRARIES = YES;
				ASSETCATALOG_COMPILER_APPICON_NAME = AppIcon;
				ASSETCATALOG_COMPILER_GLOBAL_ACCENT_COLOR_NAME = AccentColor;
				CODE_SIGN_ENTITLEMENTS = LetsBreakUp/LetsBreakUp.entitlements;
				CODE_SIGN_STYLE = Automatic;
				CURRENT_PROJECT_VERSION = 1;
				DEVELOPMENT_ASSET_PATHS = "\"LetsBreakUp/Preview Content\"";
				DEVELOPMENT_TEAM = T9LJ52AQY5;
				ENABLE_PREVIEWS = YES;
				GENERATE_INFOPLIST_FILE = YES;
				INFOPLIST_FILE = LetsBreakUp/Info.plist;
				INFOPLIST_KEY_UIApplicationSceneManifest_Generation = YES;
				INFOPLIST_KEY_UIApplicationSupportsIndirectInputEvents = YES;
				INFOPLIST_KEY_UILaunchScreen_Generation = YES;
				INFOPLIST_KEY_UISupportedInterfaceOrientations_iPad = "UIInterfaceOrientationPortrait UIInterfaceOrientationPortraitUpsideDown UIInterfaceOrientationLandscapeLeft UIInterfaceOrientationLandscapeRight";
				INFOPLIST_KEY_UISupportedInterfaceOrientations_iPhone = "UIInterfaceOrientationPortrait UIInterfaceOrientationLandscapeLeft UIInterfaceOrientationLandscapeRight";
				LD_RUNPATH_SEARCH_PATHS = (
					"$(inherited)",
					"@executable_path/Frameworks",
				);
				MARKETING_VERSION = 1.0;
				PRODUCT_BUNDLE_IDENTIFIER = com.marigold410.LetsBreakUp;
				PRODUCT_NAME = "$(TARGET_NAME)";
				SWIFT_EMIT_LOC_STRINGS = YES;
				SWIFT_VERSION = 5.0;
				TARGETED_DEVICE_FAMILY = "1,2";
			};
			name = Release;
		};
		84AE6DD02B988C5C00749219 /* Debug */ = {
			isa = XCBuildConfiguration;
			buildSettings = {
				ALWAYS_EMBED_SWIFT_STANDARD_LIBRARIES = YES;
				BUNDLE_LOADER = "$(TEST_HOST)";
				CODE_SIGN_STYLE = Automatic;
				CURRENT_PROJECT_VERSION = 1;
				DEVELOPMENT_TEAM = T9LJ52AQY5;
				GENERATE_INFOPLIST_FILE = YES;
				IPHONEOS_DEPLOYMENT_TARGET = 17.2;
				MARKETING_VERSION = 1.0;
				PRODUCT_BUNDLE_IDENTIFIER = com.marigold410.LetsBreakUpTests;
				PRODUCT_NAME = "$(TARGET_NAME)";
				SWIFT_EMIT_LOC_STRINGS = NO;
				SWIFT_VERSION = 5.0;
				TARGETED_DEVICE_FAMILY = "1,2";
				TEST_HOST = "$(BUILT_PRODUCTS_DIR)/LetsBreakUp.app/$(BUNDLE_EXECUTABLE_FOLDER_PATH)/LetsBreakUp";
			};
			name = Debug;
		};
		84AE6DD12B988C5C00749219 /* Release */ = {
			isa = XCBuildConfiguration;
			buildSettings = {
				ALWAYS_EMBED_SWIFT_STANDARD_LIBRARIES = YES;
				BUNDLE_LOADER = "$(TEST_HOST)";
				CODE_SIGN_STYLE = Automatic;
				CURRENT_PROJECT_VERSION = 1;
				DEVELOPMENT_TEAM = T9LJ52AQY5;
				GENERATE_INFOPLIST_FILE = YES;
				IPHONEOS_DEPLOYMENT_TARGET = 17.2;
				MARKETING_VERSION = 1.0;
				PRODUCT_BUNDLE_IDENTIFIER = com.marigold410.LetsBreakUpTests;
				PRODUCT_NAME = "$(TARGET_NAME)";
				SWIFT_EMIT_LOC_STRINGS = NO;
				SWIFT_VERSION = 5.0;
				TARGETED_DEVICE_FAMILY = "1,2";
				TEST_HOST = "$(BUILT_PRODUCTS_DIR)/LetsBreakUp.app/$(BUNDLE_EXECUTABLE_FOLDER_PATH)/LetsBreakUp";
			};
			name = Release;
		};
		84AE6DD32B988C5C00749219 /* Debug */ = {
			isa = XCBuildConfiguration;
			buildSettings = {
				ALWAYS_EMBED_SWIFT_STANDARD_LIBRARIES = YES;
				CODE_SIGN_STYLE = Automatic;
				CURRENT_PROJECT_VERSION = 1;
				DEVELOPMENT_TEAM = T9LJ52AQY5;
				GENERATE_INFOPLIST_FILE = YES;
				MARKETING_VERSION = 1.0;
				PRODUCT_BUNDLE_IDENTIFIER = com.marigold410.LetsBreakUpUITests;
				PRODUCT_NAME = "$(TARGET_NAME)";
				SWIFT_EMIT_LOC_STRINGS = NO;
				SWIFT_VERSION = 5.0;
				TARGETED_DEVICE_FAMILY = "1,2";
				TEST_TARGET_NAME = LetsBreakUp;
			};
			name = Debug;
		};
		84AE6DD42B988C5C00749219 /* Release */ = {
			isa = XCBuildConfiguration;
			buildSettings = {
				ALWAYS_EMBED_SWIFT_STANDARD_LIBRARIES = YES;
				CODE_SIGN_STYLE = Automatic;
				CURRENT_PROJECT_VERSION = 1;
				DEVELOPMENT_TEAM = T9LJ52AQY5;
				GENERATE_INFOPLIST_FILE = YES;
				MARKETING_VERSION = 1.0;
				PRODUCT_BUNDLE_IDENTIFIER = com.marigold410.LetsBreakUpUITests;
				PRODUCT_NAME = "$(TARGET_NAME)";
				SWIFT_EMIT_LOC_STRINGS = NO;
				SWIFT_VERSION = 5.0;
				TARGETED_DEVICE_FAMILY = "1,2";
				TEST_TARGET_NAME = LetsBreakUp;
			};
			name = Release;
		};
		84D2EF1E2BAAD3FA001E8197 /* Debug */ = {
			isa = XCBuildConfiguration;
			buildSettings = {
				CODE_SIGN_ENTITLEMENTS = DeviceActivityMonitor/DeviceActivityMonitor.entitlements;
				CODE_SIGN_STYLE = Automatic;
				CURRENT_PROJECT_VERSION = 1;
				DEVELOPMENT_TEAM = T9LJ52AQY5;
				GENERATE_INFOPLIST_FILE = YES;
				INFOPLIST_FILE = DeviceActivityMonitor/Info.plist;
				INFOPLIST_KEY_CFBundleDisplayName = DeviceActivityMonitor;
				INFOPLIST_KEY_NSHumanReadableCopyright = "";
				LD_RUNPATH_SEARCH_PATHS = (
					"$(inherited)",
					"@executable_path/Frameworks",
					"@executable_path/../../Frameworks",
				);
				MARKETING_VERSION = 1.0;
				PRODUCT_BUNDLE_IDENTIFIER = com.marigold410.LetsBreakUp.DeviceActivityMonitor;
				PRODUCT_NAME = "$(TARGET_NAME)";
				SKIP_INSTALL = YES;
				SWIFT_EMIT_LOC_STRINGS = YES;
				SWIFT_VERSION = 5.0;
				TARGETED_DEVICE_FAMILY = "1,2";
			};
			name = Debug;
		};
		84D2EF1F2BAAD3FA001E8197 /* Release */ = {
			isa = XCBuildConfiguration;
			buildSettings = {
				CODE_SIGN_ENTITLEMENTS = DeviceActivityMonitor/DeviceActivityMonitor.entitlements;
				CODE_SIGN_STYLE = Automatic;
				CURRENT_PROJECT_VERSION = 1;
				DEVELOPMENT_TEAM = T9LJ52AQY5;
				GENERATE_INFOPLIST_FILE = YES;
				INFOPLIST_FILE = DeviceActivityMonitor/Info.plist;
				INFOPLIST_KEY_CFBundleDisplayName = DeviceActivityMonitor;
				INFOPLIST_KEY_NSHumanReadableCopyright = "";
				LD_RUNPATH_SEARCH_PATHS = (
					"$(inherited)",
					"@executable_path/Frameworks",
					"@executable_path/../../Frameworks",
				);
				MARKETING_VERSION = 1.0;
				PRODUCT_BUNDLE_IDENTIFIER = com.marigold410.LetsBreakUp.DeviceActivityMonitor;
				PRODUCT_NAME = "$(TARGET_NAME)";
				SKIP_INSTALL = YES;
				SWIFT_EMIT_LOC_STRINGS = YES;
				SWIFT_VERSION = 5.0;
				TARGETED_DEVICE_FAMILY = "1,2";
			};
			name = Release;
		};
/* End XCBuildConfiguration section */

/* Begin XCConfigurationList section */
		84AE6DA32B988C5B00749219 /* Build configuration list for PBXProject "LetsBreakUp" */ = {
			isa = XCConfigurationList;
			buildConfigurations = (
				84AE6DCA2B988C5C00749219 /* Debug */,
				84AE6DCB2B988C5C00749219 /* Release */,
			);
			defaultConfigurationIsVisible = 0;
			defaultConfigurationName = Release;
		};
		84AE6DCC2B988C5C00749219 /* Build configuration list for PBXNativeTarget "LetsBreakUp" */ = {
			isa = XCConfigurationList;
			buildConfigurations = (
				84AE6DCD2B988C5C00749219 /* Debug */,
				84AE6DCE2B988C5C00749219 /* Release */,
			);
			defaultConfigurationIsVisible = 0;
			defaultConfigurationName = Release;
		};
		84AE6DCF2B988C5C00749219 /* Build configuration list for PBXNativeTarget "LetsBreakUpTests" */ = {
			isa = XCConfigurationList;
			buildConfigurations = (
				84AE6DD02B988C5C00749219 /* Debug */,
				84AE6DD12B988C5C00749219 /* Release */,
			);
			defaultConfigurationIsVisible = 0;
			defaultConfigurationName = Release;
		};
		84AE6DD22B988C5C00749219 /* Build configuration list for PBXNativeTarget "LetsBreakUpUITests" */ = {
			isa = XCConfigurationList;
			buildConfigurations = (
				84AE6DD32B988C5C00749219 /* Debug */,
				84AE6DD42B988C5C00749219 /* Release */,
			);
			defaultConfigurationIsVisible = 0;
			defaultConfigurationName = Release;
		};
		84D2EF202BAAD3FA001E8197 /* Build configuration list for PBXNativeTarget "DeviceActivityMonitor" */ = {
			isa = XCConfigurationList;
			buildConfigurations = (
				84D2EF1E2BAAD3FA001E8197 /* Debug */,
				84D2EF1F2BAAD3FA001E8197 /* Release */,
			);
			defaultConfigurationIsVisible = 0;
			defaultConfigurationName = Release;
		};
/* End XCConfigurationList section */
	};
	rootObject = 84AE6DA02B988C5B00749219 /* Project object */;
}
